
Microsoft Visual Studio Solution File, Format Version 12.00
# Visual Studio Version 17
VisualStudioVersion = 17.0.31903.59
MinimumVisualStudioVersion = 10.0.40219.1
Project("{FAE04EC0-301F-11D3-BF4B-00C04F79EFBC}") = "FlashAlpha.QuantConnect", "FlashAlpha.QuantConnect\FlashAlpha.QuantConnect.csproj", "{BD77340F-6DC3-4BEC-AF10-7A395E821917}"
EndProject
Project("{FAE04EC0-301F-11D3-BF4B-00C04F79EFBC}") = "FlashAlpha.QuantConnect.IntegrationTests", "FlashAlpha.QuantConnect.IntegrationTests\FlashAlpha.QuantConnect.IntegrationTests.csproj", "{B508CBCF-E82F-4A7E-A688-80F059462F9E}"
EndProject
Global
	GlobalSection(SolutionConfigurationPlatforms) = preSolution
		Debug|Any CPU = Debug|Any CPU
		Debug|x64 = Debug|x64
		Debug|x86 = Debug|x86
		Release|Any CPU = Release|Any CPU
		Release|x64 = Release|x64
		Release|x86 = Release|x86
	EndGlobalSection
	GlobalSection(ProjectConfigurationPlatforms) = postSolution
		{BD77340F-6DC3-4BEC-AF10-7A395E821917}.Debug|Any CPU.ActiveCfg = Debug|Any CPU
		{BD77340F-6DC3-4BEC-AF10-7A395E821917}.Debug|Any CPU.Build.0 = Debug|Any CPU
		{BD77340F-6DC3-4BEC-AF10-7A395E821917}.Debug|x64.ActiveCfg = Debug|Any CPU
		{BD77340F-6DC3-4BEC-AF10-7A395E821917}.Debug|x64.Build.0 = Debug|Any CPU
		{BD77340F-6DC3-4BEC-AF10-7A395E821917}.Debug|x86.ActiveCfg = Debug|Any CPU
		{BD77340F-6DC3-4BEC-AF10-7A395E821917}.Debug|x86.Build.0 = Debug|Any CPU
		{BD77340F-6DC3-4BEC-AF10-7A395E821917}.Release|Any CPU.ActiveCfg = Release|Any CPU
		{BD77340F-6DC3-4BEC-AF10-7A395E821917}.Release|Any CPU.Build.0 = Release|Any CPU
		{BD77340F-6DC3-4BEC-AF10-7A395E821917}.Release|x64.ActiveCfg = Release|Any CPU
		{BD77340F-6DC3-4BEC-AF10-7A395E821917}.Release|x64.Build.0 = Release|Any CPU
		{BD77340F-6DC3-4BEC-AF10-7A395E821917}.Release|x86.ActiveCfg = Release|Any CPU
		{BD77340F-6DC3-4BEC-AF10-7A395E821917}.Release|x86.Build.0 = Release|Any CPU
		{B508CBCF-E82F-4A7E-A688-80F059462F9E}.Debug|Any CPU.ActiveCfg = Debug|Any CPU
		{B508CBCF-E82F-4A7E-A688-80F059462F9E}.Debug|Any CPU.Build.0 = Debug|Any CPU
		{B508CBCF-E82F-4A7E-A688-80F059462F9E}.Debug|x64.ActiveCfg = Debug|Any CPU
		{B508CBCF-E82F-4A7E-A688-80F059462F9E}.Debug|x64.Build.0 = Debug|Any CPU
		{B508CBCF-E82F-4A7E-A688-80F059462F9E}.Debug|x86.ActiveCfg = Debug|Any CPU
		{B508CBCF-E82F-4A7E-A688-80F059462F9E}.Debug|x86.Build.0 = Debug|Any CPU
		{B508CBCF-E82F-4A7E-A688-80F059462F9E}.Release|Any CPU.ActiveCfg = Release|Any CPU
		{B508CBCF-E82F-4A7E-A688-80F059462F9E}.Release|Any CPU.Build.0 = Release|Any CPU
		{B508CBCF-E82F-4A7E-A688-80F059462F9E}.Release|x64.ActiveCfg = Release|Any CPU
		{B508CBCF-E82F-4A7E-A688-80F059462F9E}.Release|x64.Build.0 = Release|Any CPU
		{B508CBCF-E82F-4A7E-A688-80F059462F9E}.Release|x86.ActiveCfg = Release|Any CPU
		{B508CBCF-E82F-4A7E-A688-80F059462F9E}.Release|x86.Build.0 = Release|Any CPU
	EndGlobalSection
	GlobalSection(SolutionProperties) = preSolution
		HideSolutionNode = FALSE
	EndGlobalSection
EndGlobal
